// !$*UTF8*$!
{
	archiveVersion = 1;
	classes = {
	};
	objectVersion = 46;
	objects = {

/* Begin PBXBuildFile section */
		5CCE90114C4325E84CD67628 /* Assets.xcassets in Resources */ = {isa = PBXBuildFile; fileRef = 5CCE99CE9AD67D66ACC6C26A /* Assets.xcassets */; };
		5CCE9192DCAECFA360359480 /* SceneDelegate.swift in Sources */ = {isa = PBXBuildFile; fileRef = 5CCE945522C21FC9D8D9F0EF /* SceneDelegate.swift */; };
		5CCE92EA8C0B09861E9D4809 /* MemoStore.swift in Sources */ = {isa = PBXBuildFile; fileRef = 5CCE9FEF26A5BFB3E188CEB4 /* MemoStore.swift */; };
		5CCE9443D0F9804B2E118D04 /* Preview Assets.xcassets in Resources */ = {isa = PBXBuildFile; fileRef = 5CCE9ACA15CABCFA231C969F /* Preview Assets.xcassets */; };
		5CCE995CA972A3ECF5FCD2C4 /* LaunchScreen.storyboard in Resources */ = {isa = PBXBuildFile; fileRef = 5CCE9D14CD19669AC65F2028 /* LaunchScreen.storyboard */; };
		5CCE99A8A173962926DA3351 /* Memo.swift in Sources */ = {isa = PBXBuildFile; fileRef = 5CCE93F33B3B9DC707686CB3 /* Memo.swift */; };
		5CCE9B535BF076FA1F1D1CF1 /* MemoListScene.swift in Sources */ = {isa = PBXBuildFile; fileRef = 5CCE96F00026EF7CF75BAA69 /* MemoListScene.swift */; };
		5CCE9D9EA0CA3CCEE9B2A0A1 /* DateFormatter+Memo.swift in Sources */ = {isa = PBXBuildFile; fileRef = 5CCE935A68C31670F309D0A9 /* DateFormatter+Memo.swift */; };
		5CCE9E72E9D7A214D50C1148 /* SwiftUIMemo.xcdatamodeld in Sources */ = {isa = PBXBuildFile; fileRef = 5CCE96421C7526F9FE9D2416 /* SwiftUIMemo.xcdatamodeld */; };
		5CCE9F32154564F0AA8C7A5F /* AppDelegate.swift in Sources */ = {isa = PBXBuildFile; fileRef = 5CCE9E9FA45B95D7E86566D1 /* AppDelegate.swift */; };
/* End PBXBuildFile section */

/* Begin PBXFileReference section */
		5CCE905B05B5E80A31923DB0 /* Info.plist */ = {isa = PBXFileReference; lastKnownFileType = text.plist.info; path = Info.plist; sourceTree = "<group>"; };
		5CCE93528F1A58136C5CFED3 /* SwiftUIMemo.app */ = {isa = PBXFileReference; explicitFileType = wrapper.application; includeInIndex = 0; path = SwiftUIMemo.app; sourceTree = BUILT_PRODUCTS_DIR; };
		5CCE935A68C31670F309D0A9 /* DateFormatter+Memo.swift */ = {isa = PBXFileReference; fileEncoding = 4; lastKnownFileType = sourcecode.swift; path = "DateFormatter+Memo.swift"; sourceTree = "<group>"; };
		5CCE93A1142C3C2E4AB3387F /* SwiftUIMemo.xcdatamodel */ = {isa = PBXFileReference; lastKnownFileType = wrapper.xcdatamodel; path = SwiftUIMemo.xcdatamodel; sourceTree = "<group>"; };
		5CCE93F33B3B9DC707686CB3 /* Memo.swift */ = {isa = PBXFileReference; fileEncoding = 4; lastKnownFileType = sourcecode.swift; path = Memo.swift; sourceTree = "<group>"; };
		5CCE945522C21FC9D8D9F0EF /* SceneDelegate.swift */ = {isa = PBXFileReference; lastKnownFileType = sourcecode.swift; path = SceneDelegate.swift; sourceTree = "<group>"; };
		5CCE96F00026EF7CF75BAA69 /* MemoListScene.swift */ = {isa = PBXFileReference; lastKnownFileType = sourcecode.swift; path = MemoListScene.swift; sourceTree = "<group>"; };
		5CCE99CE9AD67D66ACC6C26A /* Assets.xcassets */ = {isa = PBXFileReference; lastKnownFileType = folder.assetcatalog; path = Assets.xcassets; sourceTree = "<group>"; };
		5CCE9ACA15CABCFA231C969F /* Preview Assets.xcassets */ = {isa = PBXFileReference; lastKnownFileType = folder.assetcatalog; path = "Preview Assets.xcassets"; sourceTree = "<group>"; };
		5CCE9DEB7FC56F019CDD656A /* Base */ = {isa = PBXFileReference; lastKnownFileType = file.storyboard; name = Base; path = Base.lproj/LaunchScreen.storyboard; sourceTree = "<group>"; };
		5CCE9E9FA45B95D7E86566D1 /* AppDelegate.swift */ = {isa = PBXFileReference; lastKnownFileType = sourcecode.swift; path = AppDelegate.swift; sourceTree = "<group>"; };
		5CCE9FEF26A5BFB3E188CEB4 /* MemoStore.swift */ = {isa = PBXFileReference; fileEncoding = 4; lastKnownFileType = sourcecode.swift; path = MemoStore.swift; sourceTree = "<group>"; };
/* End PBXFileReference section */

/* Begin PBXFrameworksBuildPhase section */
		5CCE94EA21AFC491FF8FFF78 /* Frameworks */ = {
			isa = PBXFrameworksBuildPhase;
			buildActionMask = 2147483647;
			files = (
			);
			runOnlyForDeploymentPostprocessing = 0;
		};
/* End PBXFrameworksBuildPhase section */

/* Begin PBXGroup section */
		5CCE95472A40649428A43D77 /* Extension */ = {
			isa = PBXGroup;
			children = (
				5CCE935A68C31670F309D0A9 /* DateFormatter+Memo.swift */,
			);
			path = Extension;
			sourceTree = "<group>";
		};
		5CCE97303C77CA5525CC23FE /* Products */ = {
			isa = PBXGroup;
			children = (
				5CCE93528F1A58136C5CFED3 /* SwiftUIMemo.app */,
			);
			name = Products;
			sourceTree = "<group>";
		};
		5CCE9DC66AD5805B2A278E02 /* Preview Content */ = {
			isa = PBXGroup;
			children = (
				5CCE9ACA15CABCFA231C969F /* Preview Assets.xcassets */,
			);
			path = "Preview Content";
			sourceTree = "<group>";
		};
		5CCE9E74CCF0456CFC586B8A /* Model */ = {
			isa = PBXGroup;
			children = (
				5CCE93F33B3B9DC707686CB3 /* Memo.swift */,
				5CCE9FEF26A5BFB3E188CEB4 /* MemoStore.swift */,
			);
			path = Model;
			sourceTree = "<group>";
		};
		5CCE9ED2BBD0E5C0BDB70857 /* SwiftUIMemo */ = {
			isa = PBXGroup;
			children = (
				5CCE905B05B5E80A31923DB0 /* Info.plist */,
				5CCE99CE9AD67D66ACC6C26A /* Assets.xcassets */,
				5CCE9E9FA45B95D7E86566D1 /* AppDelegate.swift */,
				5CCE9D14CD19669AC65F2028 /* LaunchScreen.storyboard */,
				5CCE96F00026EF7CF75BAA69 /* MemoListScene.swift */,
				5CCE96421C7526F9FE9D2416 /* SwiftUIMemo.xcdatamodeld */,
				5CCE945522C21FC9D8D9F0EF /* SceneDelegate.swift */,
				5CCE9DC66AD5805B2A278E02 /* Preview Content */,
				5CCE9E74CCF0456CFC586B8A /* Model */,
				5CCE95472A40649428A43D77 /* Extension */,
			);
			path = SwiftUIMemo;
			sourceTree = "<group>";
		};
		5CCE9F3CB07D526A98172333 = {
			isa = PBXGroup;
			children = (
				5CCE97303C77CA5525CC23FE /* Products */,
				5CCE9ED2BBD0E5C0BDB70857 /* SwiftUIMemo */,
			);
			sourceTree = "<group>";
		};
/* End PBXGroup section */

/* Begin PBXNativeTarget section */
		5CCE965DCB6F249545BD8BED /* SwiftUIMemo */ = {
			isa = PBXNativeTarget;
			buildConfigurationList = 5CCE960E8E28CF40D96B5B7A /* Build configuration list for PBXNativeTarget "SwiftUIMemo" */;
			buildPhases = (
				5CCE9EE6ED28D49831097E25 /* Sources */,
				5CCE94EA21AFC491FF8FFF78 /* Frameworks */,
				5CCE905B352E62DCCE834841 /* Resources */,
			);
			buildRules = (
			);
			dependencies = (
			);
			name = SwiftUIMemo;
			productName = SwiftUIMemo;
			productReference = 5CCE93528F1A58136C5CFED3 /* SwiftUIMemo.app */;
			productType = "com.apple.product-type.application";
		};
/* End PBXNativeTarget section */

/* Begin PBXProject section */
		5CCE9818B6AB4471D8F2D649 /* Project object */ = {
			isa = PBXProject;
			buildConfigurationList = 5CCE9140F28A28EE630325BB /* Build configuration list for PBXProject "SwiftUIMemo" */;
			compatibilityVersion = "Xcode 3.2";
			developmentRegion = English;
			hasScannedForEncodings = 0;
			knownRegions = (
				en,
			);
			mainGroup = 5CCE9F3CB07D526A98172333;
			productRefGroup = 5CCE97303C77CA5525CC23FE /* Products */;
			projectDirPath = "";
			projectRoot = "";
			targets = (
				5CCE965DCB6F249545BD8BED /* SwiftUIMemo */,
			);
		};
/* End PBXProject section */

/* Begin PBXResourcesBuildPhase section */
		5CCE905B352E62DCCE834841 /* Resources */ = {
			isa = PBXResourcesBuildPhase;
			buildActionMask = 2147483647;
			files = (
				5CCE90114C4325E84CD67628 /* Assets.xcassets in Resources */,
				5CCE995CA972A3ECF5FCD2C4 /* LaunchScreen.storyboard in Resources */,
				5CCE9443D0F9804B2E118D04 /* Preview Assets.xcassets in Resources */,
			);
			runOnlyForDeploymentPostprocessing = 0;
		};
/* End PBXResourcesBuildPhase section */

/* Begin PBXSourcesBuildPhase section */
		5CCE9EE6ED28D49831097E25 /* Sources */ = {
			isa = PBXSourcesBuildPhase;
			buildActionMask = 2147483647;
			files = (
				5CCE9F32154564F0AA8C7A5F /* AppDelegate.swift in Sources */,
				5CCE9B535BF076FA1F1D1CF1 /* MemoListScene.swift in Sources */,
				5CCE9E72E9D7A214D50C1148 /* SwiftUIMemo.xcdatamodeld in Sources */,
				5CCE9192DCAECFA360359480 /* SceneDelegate.swift in Sources */,
				5CCE99A8A173962926DA3351 /* Memo.swift in Sources */,
				5CCE92EA8C0B09861E9D4809 /* MemoStore.swift in Sources */,
				5CCE9D9EA0CA3CCEE9B2A0A1 /* DateFormatter+Memo.swift in Sources */,
			);
			runOnlyForDeploymentPostprocessing = 0;
		};
/* End PBXSourcesBuildPhase section */

/* Begin PBXVariantGroup section */
		5CCE9D14CD19669AC65F2028 /* LaunchScreen.storyboard */ = {
			isa = PBXVariantGroup;
			children = (
				5CCE9DEB7FC56F019CDD656A /* Base */,
			);
			name = LaunchScreen.storyboard;
			sourceTree = "<group>";
		};
/* End PBXVariantGroup section */

/* Begin XCBuildConfiguration section */
		5CCE954AB930345828EB0F8C /* Debug */ = {
			isa = XCBuildConfiguration;
			buildSettings = {
				ALWAYS_SEARCH_USER_PATHS = NO;
				CLANG_ANALYZER_NONNULL = YES;
				CLANG_ANALYZER_NUMBER_OBJECT_CONVERSION = YES_AGGRESSIVE;
				CLANG_CXX_LANGUAGE_STANDARD = "gnu++14";
				CLANG_CXX_LIBRARY = "libc++";
				CLANG_ENABLE_MODULES = YES;
				CLANG_ENABLE_OBJC_ARC = YES;
				CLANG_ENABLE_OBJC_WEAK = YES;
				CLANG_WARN_BLOCK_CAPTURE_AUTORELEASING = YES;
				CLANG_WARN_BOOL_CONVERSION = YES;
				CLANG_WARN_COMMA = YES;
				CLANG_WARN_CONSTANT_CONVERSION = YES;
				CLANG_WARN_DEPRECATED_OBJC_IMPLEMENTATIONS = YES;
				CLANG_WARN_DIRECT_OBJC_ISA_USAGE = YES_ERROR;
				CLANG_WARN_DOCUMENTATION_COMMENTS = YES;
				CLANG_WARN_EMPTY_BODY = YES;
				CLANG_WARN_ENUM_CONVERSION = YES;
				CLANG_WARN_INFINITE_RECURSION = YES;
				CLANG_WARN_INT_CONVERSION = YES;
				CLANG_WARN_NON_LITERAL_NULL_CONVERSION = YES;
				CLANG_WARN_OBJC_IMPLICIT_RETAIN_SELF = YES;
				CLANG_WARN_OBJC_LITERAL_CONVERSION = YES;
				CLANG_WARN_OBJC_ROOT_CLASS = YES_ERROR;
				CLANG_WARN_QUOTED_INCLUDE_IN_FRAMEWORK_HEADER = YES;
				CLANG_WARN_RANGE_LOOP_ANALYSIS = YES;
				CLANG_WARN_STRICT_PROTOTYPES = YES;
				CLANG_WARN_SUSPICIOUS_MOVE = YES;
				CLANG_WARN_UNGUARDED_AVAILABILITY = YES_AGGRESSIVE;
				CLANG_WARN_UNREACHABLE_CODE = YES;
				CLANG_WARN__DUPLICATE_METHOD_MATCH = YES;
				COPY_PHASE_STRIP = NO;
				DEBUG_INFORMATION_FORMAT = dwarf;
				ENABLE_STRICT_OBJC_MSGSEND = YES;
				ENABLE_TESTABILITY = YES;
				GCC_C_LANGUAGE_STANDARD = gnu11;
				GCC_DYNAMIC_NO_PIC = NO;
				GCC_NO_COMMON_BLOCKS = YES;
				GCC_OPTIMIZATION_LEVEL = 0;
				GCC_PREPROCESSOR_DEFINITIONS = (
					"DEBUG=1",
					"$(inherited)",
				);
				GCC_WARN_64_TO_32_BIT_CONVERSION = YES;
				GCC_WARN_ABOUT_RETURN_TYPE = YES_ERROR;
				GCC_WARN_UNDECLARED_SELECTOR = YES;
				GCC_WARN_UNINITIALIZED_AUTOS = YES_AGGRESSIVE;
				GCC_WARN_UNUSED_FUNCTION = YES;
				GCC_WARN_UNUSED_VARIABLE = YES;
				IPHONEOS_DEPLOYMENT_TARGET = 14.5;
				MTL_ENABLE_DEBUG_INFO = INCLUDE_SOURCE;
				MTL_FAST_MATH = YES;
				ONLY_ACTIVE_ARCH = YES;
				OTHER_LDFLAGS = (
					"\"-Xlinker -interposable\"",
				);
				SDKROOT = iphoneos;
				SWIFT_ACTIVE_COMPILATION_CONDITIONS = DEBUG;
				SWIFT_OPTIMIZATION_LEVEL = "-Onone";
			};
			name = Debug;
		};
		5CCE9634C61B6E1FBD40AA61 /* Release */ = {
			isa = XCBuildConfiguration;
			buildSettings = {
				ASSETCATALOG_COMPILER_APPICON_NAME = AppIcon;
				ASSETCATALOG_COMPILER_GLOBAL_ACCENT_COLOR_NAME = AccentColor;
				DEVELOPMENT_ASSET_PATHS = "\"SwiftUIMemo/Preview Content\"";
				ENABLE_PREVIEWS = YES;
				INFOPLIST_FILE = SwiftUIMemo/Info.plist;
				LD_RUNPATH_SEARCH_PATHS = "$(inherited) @executable_path/Frameworks";
				PRODUCT_BUNDLE_IDENTIFIER = com.icloud.SwiftUIMemo;
				PRODUCT_NAME = "$(TARGET_NAME)";
				SWIFT_VERSION = 5.0;
				TARGETED_DEVICE_FAMILY = "1,2";
			};
			name = Release;
		};
		5CCE978288FA3EA8D2E25894 /* Debug */ = {
			isa = XCBuildConfiguration;
			buildSettings = {
				ASSETCATALOG_COMPILER_APPICON_NAME = AppIcon;
				ASSETCATALOG_COMPILER_GLOBAL_ACCENT_COLOR_NAME = AccentColor;
				DEVELOPMENT_ASSET_PATHS = "\"SwiftUIMemo/Preview Content\"";
				ENABLE_PREVIEWS = YES;
				INFOPLIST_FILE = SwiftUIMemo/Info.plist;
				LD_RUNPATH_SEARCH_PATHS = "$(inherited) @executable_path/Frameworks";
				PRODUCT_BUNDLE_IDENTIFIER = com.icloud.SwiftUIMemo;
				PRODUCT_NAME = "$(TARGET_NAME)";
				SWIFT_VERSION = 5.0;
				TARGETED_DEVICE_FAMILY = "1,2";
			};
			name = Debug;
		};
		5CCE9D4242DEE8C84A558DD1 /* Release */ = {
			isa = XCBuildConfiguration;
			buildSettings = {
				ALWAYS_SEARCH_USER_PATHS = NO;
				CLANG_ANALYZER_NONNULL = YES;
				CLANG_ANALYZER_NUMBER_OBJECT_CONVERSION = YES_AGGRESSIVE;
				CLANG_CXX_LANGUAGE_STANDARD = "gnu++14";
				CLANG_CXX_LIBRARY = "libc++";
				CLANG_ENABLE_MODULES = YES;
				CLANG_ENABLE_OBJC_ARC = YES;
				CLANG_ENABLE_OBJC_WEAK = YES;
				CLANG_WARN_BLOCK_CAPTURE_AUTORELEASING = YES;
				CLANG_WARN_BOOL_CONVERSION = YES;
				CLANG_WARN_COMMA = YES;
				CLANG_WARN_CONSTANT_CONVERSION = YES;
				CLANG_WARN_DEPRECATED_OBJC_IMPLEMENTATIONS = YES;
				CLANG_WARN_DIRECT_OBJC_ISA_USAGE = YES_ERROR;
				CLANG_WARN_DOCUMENTATION_COMMENTS = YES;
				CLANG_WARN_EMPTY_BODY = YES;
				CLANG_WARN_ENUM_CONVERSION = YES;
				CLANG_WARN_INFINITE_RECURSION = YES;
				CLANG_WARN_INT_CONVERSION = YES;
				CLANG_WARN_NON_LITERAL_NULL_CONVERSION = YES;
				CLANG_WARN_OBJC_IMPLICIT_RETAIN_SELF = YES;
				CLANG_WARN_OBJC_LITERAL_CONVERSION = YES;
				CLANG_WARN_OBJC_ROOT_CLASS = YES_ERROR;
				CLANG_WARN_QUOTED_INCLUDE_IN_FRAMEWORK_HEADER = YES;
				CLANG_WARN_RANGE_LOOP_ANALYSIS = YES;
				CLANG_WARN_STRICT_PROTOTYPES = YES;
				CLANG_WARN_SUSPICIOUS_MOVE = YES;
				CLANG_WARN_UNGUARDED_AVAILABILITY = YES_AGGRESSIVE;
				CLANG_WARN_UNREACHABLE_CODE = YES;
				CLANG_WARN__DUPLICATE_METHOD_MATCH = YES;
				COPY_PHASE_STRIP = NO;
				DEBUG_INFORMATION_FORMAT = "dwarf-with-dsym";
				ENABLE_NS_ASSERTIONS = NO;
				ENABLE_STRICT_OBJC_MSGSEND = YES;
				GCC_C_LANGUAGE_STANDARD = gnu11;
				GCC_NO_COMMON_BLOCKS = YES;
				GCC_WARN_64_TO_32_BIT_CONVERSION = YES;
				GCC_WARN_ABOUT_RETURN_TYPE = YES_ERROR;
				GCC_WARN_UNDECLARED_SELECTOR = YES;
				GCC_WARN_UNINITIALIZED_AUTOS = YES_AGGRESSIVE;
				GCC_WARN_UNUSED_FUNCTION = YES;
				GCC_WARN_UNUSED_VARIABLE = YES;
				IPHONEOS_DEPLOYMENT_TARGET = 14.5;
				MTL_ENABLE_DEBUG_INFO = NO;
				MTL_FAST_MATH = YES;
				OTHER_LDFLAGS = (
					"\"-Xlinker -interposable\"",
				);
				SDKROOT = iphoneos;
				SWIFT_COMPILATION_MODE = wholemodule;
				SWIFT_OPTIMIZATION_LEVEL = "-O";
				VALIDATE_PRODUCT = YES;
			};
			name = Release;
		};
/* End XCBuildConfiguration section */

/* Begin XCConfigurationList section */
		5CCE9140F28A28EE630325BB /* Build configuration list for PBXProject "SwiftUIMemo" */ = {
			isa = XCConfigurationList;
			buildConfigurations = (
				5CCE954AB930345828EB0F8C /* Debug */,
				5CCE9D4242DEE8C84A558DD1 /* Release */,
			);
			defaultConfigurationIsVisible = 0;
			defaultConfigurationName = Release;
		};
		5CCE960E8E28CF40D96B5B7A /* Build configuration list for PBXNativeTarget "SwiftUIMemo" */ = {
			isa = XCConfigurationList;
			buildConfigurations = (
				5CCE978288FA3EA8D2E25894 /* Debug */,
				5CCE9634C61B6E1FBD40AA61 /* Release */,
			);
			defaultConfigurationIsVisible = 0;
		};
/* End XCConfigurationList section */

/* Begin XCVersionGroup section */
		5CCE96421C7526F9FE9D2416 /* SwiftUIMemo.xcdatamodeld */ = {
			isa = XCVersionGroup;
			children = (
				5CCE93A1142C3C2E4AB3387F /* SwiftUIMemo.xcdatamodel */,
			);
			currentVersion = 5CCE93A1142C3C2E4AB3387F /* SwiftUIMemo.xcdatamodel */;
			path = SwiftUIMemo.xcdatamodeld;
			sourceTree = "<group>";
			versionGroupType = wrapper.xcdatamodel;
		};
/* End XCVersionGroup section */
	};
	rootObject = 5CCE9818B6AB4471D8F2D649 /* Project object */;
}
